{"1.2.0",
[{<<"cowboy">>,
  {git,"https://github.com/emqx/cowboy",
       {ref,"c8e2b9e069655ad166702a7deb935cabddc85888"}},
  1},
 {<<"cowlib">>,
  {git,"https://github.com/ninenines/cowlib",
       {ref,"c6553f8308a2ca5dcd69d845f0a7d098c40c3363"}},
  2},
 {<<"ctx">>,{pkg,<<"ctx">>,<<"0.6.0">>},0},
 {<<"gpb">>,{pkg,<<"gpb">>,<<"4.19.5">>},1},
 {<<"gproc">>,{pkg,<<"gproc">>,<<"0.8.0">>},1},
 {<<"grpc">>,
  {git,"https://github.com/emqx/grpc-erl",
       {ref,"d35fb4f970e328843c4a2ebd4094a72ba143efe5"}},
  0},
 {<<"gun">>,
  {git,"https://github.com/emqx/gun",
       {ref,"4faea40b9a8ca1eac5288355f8202e0cea379d50"}},
  1},
 {<<"ranch">>,
  {git,"https://github.com/ninenines/ranch",
       {ref,"a692f44567034dacf5efcaa24a24183788594eb7"}},
  2}]}.
[
{pkg_hash,[
 {<<"ctx">>, <<"8FF88B70E6400C4DF90142E7F130625B82086077A45364A78D208ED3ED53C7FE">>},
 {<<"gpb">>, <<"FF9D434308FD205C07B662A86C37E9579A8C9A04AD511D2C4DD63430A59F4729">>},
 {<<"gproc">>, <<"CEA02C578589C61E5341FCE149EA36CCEF236CC2ECAC8691FBA408E7EA77EC2F">>}]},
{pkg_hash_ext,[
 {<<"ctx">>, <<"A14ED2D1B67723DBEBBE423B28D7615EB0BDCBA6FF28F2D1F1B0A7E1D4AA5FC2">>},
 {<<"gpb">>, <<"21B76750D66B459CE40CB14298FB38EF8E0161D9B672A5284585C02563806F8E">>},
 {<<"gproc">>, <<"580ADAFA56463B75263EF5A5DF4C86AF321F68694E7786CB057FD805D1E2A7DE">>}]}
].
